<?xml version="1.0" encoding="utf-8"?>
<Project ToolsVersion="4.0" xmlns="http://schemas.microsoft.com/developer/msbuild/2003">
  <ItemGroup>
    <Filter Include="Table">
      <UniqueIdentifier>{6DEA250E-D9FE-4DBF-A280-F11E0E544AF0}</UniqueIdentifier>
    </Filter>
    <Filter Include="Table\Events">
      <UniqueIdentifier>{B1F997A2-9D5C-2747-46E2-5FFD3224F3C9}</UniqueIdentifier>
    </Filter>
    <Filter Include="Table\Platform">
      <UniqueIdentifier>{61319BC4-4DFF-8ECA-3693-FFF022006B2F}</UniqueIdentifier>
    </Filter>
    <Filter Include="Table\Platform\Windows">
      <UniqueIdentifier>{9BAC70AA-87A6-99FC-7013-300D5CACFF68}</UniqueIdentifier>
    </Filter>
  </ItemGroup>
  <ItemGroup>
    <ClInclude Include="src\Table.h" />
    <ClInclude Include="src\Table\Application.h">
      <Filter>Table</Filter>
    </ClInclude>
    <ClInclude Include="src\Table\Core.h">
      <Filter>Table</Filter>
    </ClInclude>
    <ClInclude Include="src\Table\EntryPoint.h">
      <Filter>Table</Filter>
    </ClInclude>
    <ClInclude Include="src\Table\Events\ApplicationEvent.h">
      <Filter>Table\Events</Filter>
    </ClInclude>
    <ClInclude Include="src\Table\Events\Event.h">
      <Filter>Table\Events</Filter>
    </ClInclude>
    <ClInclude Include="src\Table\Events\KeyEvent.h">
      <Filter>Table\Events</Filter>
    </ClInclude>
    <ClInclude Include="src\Table\Events\MouseEvent.h">
      <Filter>Table\Events</Filter>
    </ClInclude>
    <ClInclude Include="src\Table\Log.h">
      <Filter>Table</Filter>
    </ClInclude>
    <ClInclude Include="src\Table\Platform\Windows\WindowsWindow.h">
      <Filter>Table\Platform\Windows</Filter>
    </ClInclude>
    <ClInclude Include="src\Table\Window.h">
      <Filter>Table</Filter>
    </ClInclude>
    <ClInclude Include="src\tpch.h" />
  </ItemGroup>
  <ItemGroup>
    <ClCompile Include="src\Table\Application.cpp">
      <Filter>Table</Filter>
    </ClCompile>
    <ClCompile Include="src\Table\Log.cpp">
      <Filter>Table</Filter>
    </ClCompile>
    <ClCompile Include="src\Table\Platform\Windows\WindowsWindow.cpp">
      <Filter>Table\Platform\Windows</Filter>
    </ClCompile>
    <ClCompile Include="src\tpch.cpp" />
  </ItemGroup>
</Project>