<?xml version="1.0" encoding="utf-8"?>
<Project ToolsVersion="4.0" xmlns="http://schemas.microsoft.com/developer/msbuild/2003">
  <ItemGroup>
    <Filter Include="Platform">
      <UniqueIdentifier>{2AC788B4-1694-E3BF-3FAD-D1672BD9184E}</UniqueIdentifier>
    </Filter>
    <Filter Include="Platform\OpenGL">
      <UniqueIdentifier>{1E7D2C1D-8A08-9AE1-9319-1DD6FF23F6E1}</UniqueIdentifier>
    </Filter>
    <Filter Include="Table">
      <UniqueIdentifier>{6DEA250E-D9FE-4DBF-A280-F11E0E544AF0}</UniqueIdentifier>
    </Filter>
    <Filter Include="Table\Events">
      <UniqueIdentifier>{B1F997A2-9D5C-2747-46E2-5FFD3224F3C9}</UniqueIdentifier>
    </Filter>
    <Filter Include="Table\ImGui">
      <UniqueIdentifier>{57BD014B-C372-7A40-4C67-7417B81B7144}</UniqueIdentifier>
    </Filter>
    <Filter Include="Table\Platform">
      <UniqueIdentifier>{61319BC4-4DFF-8ECA-3693-FFF022006B2F}</UniqueIdentifier>
    </Filter>
    <Filter Include="Table\Platform\Windows">
      <UniqueIdentifier>{9BAC70AA-87A6-99FC-7013-300D5CACFF68}</UniqueIdentifier>
    </Filter>
  </ItemGroup>
  <ItemGroup>
    <ClInclude Include="src\Platform\OpenGL\ImGuiOpenGLRenderer.h">
      <Filter>Platform\OpenGL</Filter>
    </ClInclude>
    <ClInclude Include="src\Platform\OpenGL\imgui_impl_opengl3_loader.h">
      <Filter>Platform\OpenGL</Filter>
    </ClInclude>
    <ClInclude Include="src\Table.h" />
    <ClInclude Include="src\Table\Application.h">
      <Filter>Table</Filter>
    </ClInclude>
    <ClInclude Include="src\Table\Core.h">
      <Filter>Table</Filter>
    </ClInclude>
    <ClInclude Include="src\Table\EntryPoint.h">
      <Filter>Table</Filter>
    </ClInclude>
    <ClInclude Include="src\Table\Events\ApplicationEvent.h">
      <Filter>Table\Events</Filter>
    </ClInclude>
    <ClInclude Include="src\Table\Events\Event.h">
      <Filter>Table\Events</Filter>
    </ClInclude>
    <ClInclude Include="src\Table\Events\KeyEvent.h">
      <Filter>Table\Events</Filter>
    </ClInclude>
    <ClInclude Include="src\Table\Events\MouseEvent.h">
      <Filter>Table\Events</Filter>
    </ClInclude>
    <ClInclude Include="src\Table\ImGui\ImGuiLayer.h">
      <Filter>Table\ImGui</Filter>
    </ClInclude>
    <ClInclude Include="src\Table\Layer.h">
      <Filter>Table</Filter>
    </ClInclude>
    <ClInclude Include="src\Table\LayerStack.h">
      <Filter>Table</Filter>
    </ClInclude>
    <ClInclude Include="src\Table\Log.h">
      <Filter>Table</Filter>
    </ClInclude>
    <ClInclude Include="src\Table\Platform\Windows\WindowsWindow.h">
      <Filter>Table\Platform\Windows</Filter>
    </ClInclude>
    <ClInclude Include="src\Table\Window.h">
      <Filter>Table</Filter>
    </ClInclude>
    <ClInclude Include="src\tpch.h" />
  </ItemGroup>
  <ItemGroup>
    <ClCompile Include="src\Platform\OpenGL\ImGuiOpenGLRenderer.cpp">
      <Filter>Platform\OpenGL</Filter>
    </ClCompile>
    <ClCompile Include="src\Table\Application.cpp">
      <Filter>Table</Filter>
    </ClCompile>
    <ClCompile Include="src\Table\ImGui\ImGuiLayer.cpp">
      <Filter>Table\ImGui</Filter>
    </ClCompile>
    <ClCompile Include="src\Table\Layer.cpp">
      <Filter>Table</Filter>
    </ClCompile>
    <ClCompile Include="src\Table\LayerStack.cpp">
      <Filter>Table</Filter>
    </ClCompile>
    <ClCompile Include="src\Table\Log.cpp">
      <Filter>Table</Filter>
    </ClCompile>
    <ClCompile Include="src\Table\Platform\Windows\WindowsWindow.cpp">
      <Filter>Table\Platform\Windows</Filter>
    </ClCompile>
    <ClCompile Include="src\tpch.cpp" />
  </ItemGroup>
</Project>